PODS:
  - SocketRocket (0.5.1)
  - WeexSDK (0.10.3):
    - SocketRocket

DEPENDENCIES:
  - WeexSDK

SPEC CHECKSUMS:
  SocketRocket: d57c7159b83c3c6655745cd15302aa24b6bae531
  WeexSDK: ba8a6c443885afc16d9b0a8eb23220d792ad5b27

PODFILE CHECKSUM: 873dbd4979a83ff044a6c5176db1c32e151eac30

COCOAPODS: 1.2.0
